// !$*UTF8*$!
{
	archiveVersion = 1;
	classes = {
	};
	objectVersion = 46;
	objects = {

/* Begin PBXBuildFile section */
		36E94B7BA5EC83808EBF1FB9 /* Pods_ZakonUITests.framework in Frameworks */ = {isa = PBXBuildFile; fileRef = 163753B8470A43DDB077839D /* Pods_ZakonUITests.framework */; };
		8426E970D951EB9B96B11BA1 /* Pods_Zakon.framework in Frameworks */ = {isa = PBXBuildFile; fileRef = E91DB5AB64460E9A2685E1BF /* Pods_Zakon.framework */; };
		B8FEF9BB1E0A481B00C94CD1 /* AppDelegate.swift in Sources */ = {isa = PBXBuildFile; fileRef = B8FEF9BA1E0A481B00C94CD1 /* AppDelegate.swift */; };
		B8FEF9BD1E0A481B00C94CD1 /* ViewController.swift in Sources */ = {isa = PBXBuildFile; fileRef = B8FEF9BC1E0A481B00C94CD1 /* ViewController.swift */; };
		B8FEF9C01E0A481B00C94CD1 /* Main.storyboard in Resources */ = {isa = PBXBuildFile; fileRef = B8FEF9BE1E0A481B00C94CD1 /* Main.storyboard */; };
		B8FEF9C21E0A481C00C94CD1 /* Assets.xcassets in Resources */ = {isa = PBXBuildFile; fileRef = B8FEF9C11E0A481C00C94CD1 /* Assets.xcassets */; };
		B8FEF9C51E0A481C00C94CD1 /* LaunchScreen.storyboard in Resources */ = {isa = PBXBuildFile; fileRef = B8FEF9C31E0A481C00C94CD1 /* LaunchScreen.storyboard */; };
		B8FEF9D01E0A481C00C94CD1 /* ZakonTests.swift in Sources */ = {isa = PBXBuildFile; fileRef = B8FEF9CF1E0A481C00C94CD1 /* ZakonTests.swift */; };
		B8FEF9DB1E0A481C00C94CD1 /* ZakonUITests.swift in Sources */ = {isa = PBXBuildFile; fileRef = B8FEF9DA1E0A481C00C94CD1 /* ZakonUITests.swift */; };
		B8FEF9E91E0BDA3D00C94CD1 /* QuestionsViewController.swift in Sources */ = {isa = PBXBuildFile; fileRef = B8FEF9E81E0BDA3D00C94CD1 /* QuestionsViewController.swift */; };
		B8FEF9EB1E0BE39000C94CD1 /* ResultViewController.swift in Sources */ = {isa = PBXBuildFile; fileRef = B8FEF9EA1E0BE39000C94CD1 /* ResultViewController.swift */; };
		B8FEF9ED1E0EEE7C00C94CD1 /* AnswersViewController.swift in Sources */ = {isa = PBXBuildFile; fileRef = B8FEF9EC1E0EEE7C00C94CD1 /* AnswersViewController.swift */; };
		C5CD568C02043916C2B8DAFE /* Pods_ZakonTests.framework in Frameworks */ = {isa = PBXBuildFile; fileRef = 09AF78AF66EF06901F4BBFA0 /* Pods_ZakonTests.framework */; };
		CE59A08F1E14017800ADCFB0 /* Question.swift in Sources */ = {isa = PBXBuildFile; fileRef = CE59A08E1E14017800ADCFB0 /* Question.swift */; };
		CE66E5F91E0D6E1100B06650 /* logo.png in Resources */ = {isa = PBXBuildFile; fileRef = CE66E5F81E0D6E1100B06650 /* logo.png */; };
		CE9FBB431E1FE25A007CD867 /* VariantTableViewCell.swift in Sources */ = {isa = PBXBuildFile; fileRef = CE9FBB421E1FE25A007CD867 /* VariantTableViewCell.swift */; };
		CE9FBB451E200188007CD867 /* GoogleService-Info.plist in Resources */ = {isa = PBXBuildFile; fileRef = CE9FBB441E200188007CD867 /* GoogleService-Info.plist */; };
/* End PBXBuildFile section */

/* Begin PBXContainerItemProxy section */
		B8FEF9CC1E0A481C00C94CD1 /* PBXContainerItemProxy */ = {
			isa = PBXContainerItemProxy;
			containerPortal = B8FEF9AF1E0A481B00C94CD1 /* Project object */;
			proxyType = 1;
			remoteGlobalIDString = B8FEF9B61E0A481B00C94CD1;
			remoteInfo = Zakon;
		};
		B8FEF9D71E0A481C00C94CD1 /* PBXContainerItemProxy */ = {
			isa = PBXContainerItemProxy;
			containerPortal = B8FEF9AF1E0A481B00C94CD1 /* Project object */;
			proxyType = 1;
			remoteGlobalIDString = B8FEF9B61E0A481B00C94CD1;
			remoteInfo = Zakon;
		};
/* End PBXContainerItemProxy section */

/* Begin PBXFileReference section */
		0135EBCFB28571E7E938488F /* Pods-Zakon.debug.xcconfig */ = {isa = PBXFileReference; includeInIndex = 1; lastKnownFileType = text.xcconfig; name = "Pods-Zakon.debug.xcconfig"; path = "Pods/Target Support Files/Pods-Zakon/Pods-Zakon.debug.xcconfig"; sourceTree = "<group>"; };
		09AF78AF66EF06901F4BBFA0 /* Pods_ZakonTests.framework */ = {isa = PBXFileReference; explicitFileType = wrapper.framework; includeInIndex = 0; path = Pods_ZakonTests.framework; sourceTree = BUILT_PRODUCTS_DIR; };
		163753B8470A43DDB077839D /* Pods_ZakonUITests.framework */ = {isa = PBXFileReference; explicitFileType = wrapper.framework; includeInIndex = 0; path = Pods_ZakonUITests.framework; sourceTree = BUILT_PRODUCTS_DIR; };
		1FD1BD4AC1846948B540B617 /* Pods-ZakonUITests.debug.xcconfig */ = {isa = PBXFileReference; includeInIndex = 1; lastKnownFileType = text.xcconfig; name = "Pods-ZakonUITests.debug.xcconfig"; path = "Pods/Target Support Files/Pods-ZakonUITests/Pods-ZakonUITests.debug.xcconfig"; sourceTree = "<group>"; };
		AAA48824E85F3E6AD74FFB56 /* Pods-ZakonUITests.release.xcconfig */ = {isa = PBXFileReference; includeInIndex = 1; lastKnownFileType = text.xcconfig; name = "Pods-ZakonUITests.release.xcconfig"; path = "Pods/Target Support Files/Pods-ZakonUITests/Pods-ZakonUITests.release.xcconfig"; sourceTree = "<group>"; };
		B8FEF9B71E0A481B00C94CD1 /* Zakon.app */ = {isa = PBXFileReference; explicitFileType = wrapper.application; includeInIndex = 0; path = Zakon.app; sourceTree = BUILT_PRODUCTS_DIR; };
		B8FEF9BA1E0A481B00C94CD1 /* AppDelegate.swift */ = {isa = PBXFileReference; lastKnownFileType = sourcecode.swift; path = AppDelegate.swift; sourceTree = "<group>"; };
		B8FEF9BC1E0A481B00C94CD1 /* ViewController.swift */ = {isa = PBXFileReference; lastKnownFileType = sourcecode.swift; path = ViewController.swift; sourceTree = "<group>"; };
		B8FEF9BF1E0A481B00C94CD1 /* Base */ = {isa = PBXFileReference; lastKnownFileType = file.storyboard; name = Base; path = Base.lproj/Main.storyboard; sourceTree = "<group>"; };
		B8FEF9C11E0A481C00C94CD1 /* Assets.xcassets */ = {isa = PBXFileReference; lastKnownFileType = folder.assetcatalog; path = Assets.xcassets; sourceTree = "<group>"; };
		B8FEF9C41E0A481C00C94CD1 /* Base */ = {isa = PBXFileReference; lastKnownFileType = file.storyboard; name = Base; path = Base.lproj/LaunchScreen.storyboard; sourceTree = "<group>"; };
		B8FEF9C61E0A481C00C94CD1 /* Info.plist */ = {isa = PBXFileReference; lastKnownFileType = text.plist.xml; path = Info.plist; sourceTree = "<group>"; };
		B8FEF9CB1E0A481C00C94CD1 /* ZakonTests.xctest */ = {isa = PBXFileReference; explicitFileType = wrapper.cfbundle; includeInIndex = 0; path = ZakonTests.xctest; sourceTree = BUILT_PRODUCTS_DIR; };
		B8FEF9CF1E0A481C00C94CD1 /* ZakonTests.swift */ = {isa = PBXFileReference; lastKnownFileType = sourcecode.swift; path = ZakonTests.swift; sourceTree = "<group>"; };
		B8FEF9D11E0A481C00C94CD1 /* Info.plist */ = {isa = PBXFileReference; lastKnownFileType = text.plist.xml; path = Info.plist; sourceTree = "<group>"; };
		B8FEF9D61E0A481C00C94CD1 /* ZakonUITests.xctest */ = {isa = PBXFileReference; explicitFileType = wrapper.cfbundle; includeInIndex = 0; path = ZakonUITests.xctest; sourceTree = BUILT_PRODUCTS_DIR; };
		B8FEF9DA1E0A481C00C94CD1 /* ZakonUITests.swift */ = {isa = PBXFileReference; lastKnownFileType = sourcecode.swift; path = ZakonUITests.swift; sourceTree = "<group>"; };
		B8FEF9DC1E0A481D00C94CD1 /* Info.plist */ = {isa = PBXFileReference; lastKnownFileType = text.plist.xml; path = Info.plist; sourceTree = "<group>"; };
		B8FEF9E81E0BDA3D00C94CD1 /* QuestionsViewController.swift */ = {isa = PBXFileReference; fileEncoding = 4; lastKnownFileType = sourcecode.swift; path = QuestionsViewController.swift; sourceTree = "<group>"; };
		B8FEF9EA1E0BE39000C94CD1 /* ResultViewController.swift */ = {isa = PBXFileReference; fileEncoding = 4; lastKnownFileType = sourcecode.swift; path = ResultViewController.swift; sourceTree = "<group>"; };
		B8FEF9EC1E0EEE7C00C94CD1 /* AnswersViewController.swift */ = {isa = PBXFileReference; fileEncoding = 4; lastKnownFileType = sourcecode.swift; path = AnswersViewController.swift; sourceTree = "<group>"; };
		CE59A08E1E14017800ADCFB0 /* Question.swift */ = {isa = PBXFileReference; fileEncoding = 4; lastKnownFileType = sourcecode.swift; path = Question.swift; sourceTree = "<group>"; };
		CE66E5F81E0D6E1100B06650 /* logo.png */ = {isa = PBXFileReference; lastKnownFileType = image.png; path = logo.png; sourceTree = "<group>"; };
		CE9FBB421E1FE25A007CD867 /* VariantTableViewCell.swift */ = {isa = PBXFileReference; fileEncoding = 4; lastKnownFileType = sourcecode.swift; path = VariantTableViewCell.swift; sourceTree = "<group>"; };
		CE9FBB441E200188007CD867 /* GoogleService-Info.plist */ = {isa = PBXFileReference; fileEncoding = 4; lastKnownFileType = text.plist.xml; path = "GoogleService-Info.plist"; sourceTree = "<group>"; };
		D2AAEFCB40D5F3C0428D7086 /* Pods-ZakonTests.release.xcconfig */ = {isa = PBXFileReference; includeInIndex = 1; lastKnownFileType = text.xcconfig; name = "Pods-ZakonTests.release.xcconfig"; path = "Pods/Target Support Files/Pods-ZakonTests/Pods-ZakonTests.release.xcconfig"; sourceTree = "<group>"; };
		D852A2C170753D82DCD0EAC5 /* Pods-ZakonTests.debug.xcconfig */ = {isa = PBXFileReference; includeInIndex = 1; lastKnownFileType = text.xcconfig; name = "Pods-ZakonTests.debug.xcconfig"; path = "Pods/Target Support Files/Pods-ZakonTests/Pods-ZakonTests.debug.xcconfig"; sourceTree = "<group>"; };
		E91DB5AB64460E9A2685E1BF /* Pods_Zakon.framework */ = {isa = PBXFileReference; explicitFileType = wrapper.framework; includeInIndex = 0; path = Pods_Zakon.framework; sourceTree = BUILT_PRODUCTS_DIR; };
		F2225514D8D380AC050FA598 /* Pods-Zakon.release.xcconfig */ = {isa = PBXFileReference; includeInIndex = 1; lastKnownFileType = text.xcconfig; name = "Pods-Zakon.release.xcconfig"; path = "Pods/Target Support Files/Pods-Zakon/Pods-Zakon.release.xcconfig"; sourceTree = "<group>"; };
/* End PBXFileReference section */

/* Begin PBXFrameworksBuildPhase section */
		B8FEF9B41E0A481B00C94CD1 /* Frameworks */ = {
			isa = PBXFrameworksBuildPhase;
			buildActionMask = 2147483647;
			files = (
				8426E970D951EB9B96B11BA1 /* Pods_Zakon.framework in Frameworks */,
			);
			runOnlyForDeploymentPostprocessing = 0;
		};
		B8FEF9C81E0A481C00C94CD1 /* Frameworks */ = {
			isa = PBXFrameworksBuildPhase;
			buildActionMask = 2147483647;
			files = (
				C5CD568C02043916C2B8DAFE /* Pods_ZakonTests.framework in Frameworks */,
			);
			runOnlyForDeploymentPostprocessing = 0;
		};
		B8FEF9D31E0A481C00C94CD1 /* Frameworks */ = {
			isa = PBXFrameworksBuildPhase;
			buildActionMask = 2147483647;
			files = (
				36E94B7BA5EC83808EBF1FB9 /* Pods_ZakonUITests.framework in Frameworks */,
			);
			runOnlyForDeploymentPostprocessing = 0;
		};
/* End PBXFrameworksBuildPhase section */

/* Begin PBXGroup section */
		3E4CACCF2464CA17F8E6CB4F /* Pods */ = {
			isa = PBXGroup;
			children = (
				0135EBCFB28571E7E938488F /* Pods-Zakon.debug.xcconfig */,
				F2225514D8D380AC050FA598 /* Pods-Zakon.release.xcconfig */,
				D852A2C170753D82DCD0EAC5 /* Pods-ZakonTests.debug.xcconfig */,
				D2AAEFCB40D5F3C0428D7086 /* Pods-ZakonTests.release.xcconfig */,
				1FD1BD4AC1846948B540B617 /* Pods-ZakonUITests.debug.xcconfig */,
				AAA48824E85F3E6AD74FFB56 /* Pods-ZakonUITests.release.xcconfig */,
			);
			name = Pods;
			sourceTree = "<group>";
		};
		B3F578CA358E1284BCAA7FED /* Frameworks */ = {
			isa = PBXGroup;
			children = (
				E91DB5AB64460E9A2685E1BF /* Pods_Zakon.framework */,
				09AF78AF66EF06901F4BBFA0 /* Pods_ZakonTests.framework */,
				163753B8470A43DDB077839D /* Pods_ZakonUITests.framework */,
			);
			name = Frameworks;
			sourceTree = "<group>";
		};
		B8FEF9AE1E0A481B00C94CD1 = {
			isa = PBXGroup;
			children = (
				B8FEF9B91E0A481B00C94CD1 /* Zakon */,
				B8FEF9CE1E0A481C00C94CD1 /* ZakonTests */,
				B8FEF9D91E0A481C00C94CD1 /* ZakonUITests */,
				B8FEF9B81E0A481B00C94CD1 /* Products */,
				3E4CACCF2464CA17F8E6CB4F /* Pods */,
				B3F578CA358E1284BCAA7FED /* Frameworks */,
			);
			sourceTree = "<group>";
		};
		B8FEF9B81E0A481B00C94CD1 /* Products */ = {
			isa = PBXGroup;
			children = (
				B8FEF9B71E0A481B00C94CD1 /* Zakon.app */,
				B8FEF9CB1E0A481C00C94CD1 /* ZakonTests.xctest */,
				B8FEF9D61E0A481C00C94CD1 /* ZakonUITests.xctest */,
			);
			name = Products;
			sourceTree = "<group>";
		};
		B8FEF9B91E0A481B00C94CD1 /* Zakon */ = {
			isa = PBXGroup;
			children = (
				CE9FBB441E200188007CD867 /* GoogleService-Info.plist */,
				B8FEF9BA1E0A481B00C94CD1 /* AppDelegate.swift */,
				B8FEF9BC1E0A481B00C94CD1 /* ViewController.swift */,
				B8FEF9BE1E0A481B00C94CD1 /* Main.storyboard */,
				B8FEF9C11E0A481C00C94CD1 /* Assets.xcassets */,
				B8FEF9C31E0A481C00C94CD1 /* LaunchScreen.storyboard */,
				B8FEF9C61E0A481C00C94CD1 /* Info.plist */,
				B8FEF9E81E0BDA3D00C94CD1 /* QuestionsViewController.swift */,
				B8FEF9EA1E0BE39000C94CD1 /* ResultViewController.swift */,
				CE66E5F81E0D6E1100B06650 /* logo.png */,
				B8FEF9EC1E0EEE7C00C94CD1 /* AnswersViewController.swift */,
				CE59A08E1E14017800ADCFB0 /* Question.swift */,
				CE9FBB421E1FE25A007CD867 /* VariantTableViewCell.swift */,
			);
			path = Zakon;
			sourceTree = "<group>";
		};
		B8FEF9CE1E0A481C00C94CD1 /* ZakonTests */ = {
			isa = PBXGroup;
			children = (
				B8FEF9CF1E0A481C00C94CD1 /* ZakonTests.swift */,
				B8FEF9D11E0A481C00C94CD1 /* Info.plist */,
			);
			path = ZakonTests;
			sourceTree = "<group>";
		};
		B8FEF9D91E0A481C00C94CD1 /* ZakonUITests */ = {
			isa = PBXGroup;
			children = (
				B8FEF9DA1E0A481C00C94CD1 /* ZakonUITests.swift */,
				B8FEF9DC1E0A481D00C94CD1 /* Info.plist */,
			);
			path = ZakonUITests;
			sourceTree = "<group>";
		};
/* End PBXGroup section */

/* Begin PBXNativeTarget section */
		B8FEF9B61E0A481B00C94CD1 /* Zakon */ = {
			isa = PBXNativeTarget;
			buildConfigurationList = B8FEF9DF1E0A481D00C94CD1 /* Build configuration list for PBXNativeTarget "Zakon" */;
			buildPhases = (
				1DDBCD7C876DC855C29FDCF3 /* [CP] Check Pods Manifest.lock */,
				B8FEF9B31E0A481B00C94CD1 /* Sources */,
				B8FEF9B41E0A481B00C94CD1 /* Frameworks */,
				B8FEF9B51E0A481B00C94CD1 /* Resources */,
				98FEDEA3FFEF5037CC3AA28E /* [CP] Embed Pods Frameworks */,
				AD5CC05F879F71A507DBB14F /* [CP] Copy Pods Resources */,
			);
			buildRules = (
			);
			dependencies = (
			);
			name = Zakon;
			productName = Zakon;
			productReference = B8FEF9B71E0A481B00C94CD1 /* Zakon.app */;
			productType = "com.apple.product-type.application";
		};
		B8FEF9CA1E0A481C00C94CD1 /* ZakonTests */ = {
			isa = PBXNativeTarget;
			buildConfigurationList = B8FEF9E21E0A481D00C94CD1 /* Build configuration list for PBXNativeTarget "ZakonTests" */;
			buildPhases = (
				A6F31F3E1BEFEF97B306B630 /* [CP] Check Pods Manifest.lock */,
				B8FEF9C71E0A481C00C94CD1 /* Sources */,
				B8FEF9C81E0A481C00C94CD1 /* Frameworks */,
				B8FEF9C91E0A481C00C94CD1 /* Resources */,
				34BC38D3B89EFB17A119AF9F /* [CP] Embed Pods Frameworks */,
				D67BEB25F2DC64A8567FB334 /* [CP] Copy Pods Resources */,
			);
			buildRules = (
			);
			dependencies = (
				B8FEF9CD1E0A481C00C94CD1 /* PBXTargetDependency */,
			);
			name = ZakonTests;
			productName = ZakonTests;
			productReference = B8FEF9CB1E0A481C00C94CD1 /* ZakonTests.xctest */;
			productType = "com.apple.product-type.bundle.unit-test";
		};
		B8FEF9D51E0A481C00C94CD1 /* ZakonUITests */ = {
			isa = PBXNativeTarget;
			buildConfigurationList = B8FEF9E51E0A481D00C94CD1 /* Build configuration list for PBXNativeTarget "ZakonUITests" */;
			buildPhases = (
				A4EC1172E0072238709FF52F /* [CP] Check Pods Manifest.lock */,
				B8FEF9D21E0A481C00C94CD1 /* Sources */,
				B8FEF9D31E0A481C00C94CD1 /* Frameworks */,
				B8FEF9D41E0A481C00C94CD1 /* Resources */,
				F6622402F0B257EB929F03B2 /* [CP] Embed Pods Frameworks */,
				1FAF3D7775EB53C913A98330 /* [CP] Copy Pods Resources */,
			);
			buildRules = (
			);
			dependencies = (
				B8FEF9D81E0A481C00C94CD1 /* PBXTargetDependency */,
			);
			name = ZakonUITests;
			productName = ZakonUITests;
			productReference = B8FEF9D61E0A481C00C94CD1 /* ZakonUITests.xctest */;
			productType = "com.apple.product-type.bundle.ui-testing";
		};
/* End PBXNativeTarget section */

/* Begin PBXProject section */
		B8FEF9AF1E0A481B00C94CD1 /* Project object */ = {
			isa = PBXProject;
			attributes = {
				LastSwiftUpdateCheck = 0800;
				LastUpgradeCheck = 0800;
				ORGANIZATIONNAME = AA;
				TargetAttributes = {
					B8FEF9B61E0A481B00C94CD1 = {
						CreatedOnToolsVersion = 8.0;
						ProvisioningStyle = Automatic;
					};
					B8FEF9CA1E0A481C00C94CD1 = {
						CreatedOnToolsVersion = 8.0;
						ProvisioningStyle = Automatic;
						TestTargetID = B8FEF9B61E0A481B00C94CD1;
					};
					B8FEF9D51E0A481C00C94CD1 = {
						CreatedOnToolsVersion = 8.0;
						ProvisioningStyle = Automatic;
						TestTargetID = B8FEF9B61E0A481B00C94CD1;
					};
				};
			};
			buildConfigurationList = B8FEF9B21E0A481B00C94CD1 /* Build configuration list for PBXProject "Zakon" */;
			compatibilityVersion = "Xcode 3.2";
			developmentRegion = English;
			hasScannedForEncodings = 0;
			knownRegions = (
				en,
				Base,
			);
			mainGroup = B8FEF9AE1E0A481B00C94CD1;
			productRefGroup = B8FEF9B81E0A481B00C94CD1 /* Products */;
			projectDirPath = "";
			projectRoot = "";
			targets = (
				B8FEF9B61E0A481B00C94CD1 /* Zakon */,
				B8FEF9CA1E0A481C00C94CD1 /* ZakonTests */,
				B8FEF9D51E0A481C00C94CD1 /* ZakonUITests */,
			);
		};
/* End PBXProject section */

/* Begin PBXResourcesBuildPhase section */
		B8FEF9B51E0A481B00C94CD1 /* Resources */ = {
			isa = PBXResourcesBuildPhase;
			buildActionMask = 2147483647;
			files = (
				CE66E5F91E0D6E1100B06650 /* logo.png in Resources */,
				B8FEF9C51E0A481C00C94CD1 /* LaunchScreen.storyboard in Resources */,
				CE9FBB451E200188007CD867 /* GoogleService-Info.plist in Resources */,
				B8FEF9C21E0A481C00C94CD1 /* Assets.xcassets in Resources */,
				B8FEF9C01E0A481B00C94CD1 /* Main.storyboard in Resources */,
			);
			runOnlyForDeploymentPostprocessing = 0;
		};
		B8FEF9C91E0A481C00C94CD1 /* Resources */ = {
			isa = PBXResourcesBuildPhase;
			buildActionMask = 2147483647;
			files = (
			);
			runOnlyForDeploymentPostprocessing = 0;
		};
		B8FEF9D41E0A481C00C94CD1 /* Resources */ = {
			isa = PBXResourcesBuildPhase;
			buildActionMask = 2147483647;
			files = (
			);
			runOnlyForDeploymentPostprocessing = 0;
		};
/* End PBXResourcesBuildPhase section */

/* Begin PBXShellScriptBuildPhase section */
		1DDBCD7C876DC855C29FDCF3 /* [CP] Check Pods Manifest.lock */ = {
			isa = PBXShellScriptBuildPhase;
			buildActionMask = 2147483647;
			files = (
			);
			inputPaths = (
			);
			name = "[CP] Check Pods Manifest.lock";
			outputPaths = (
			);
			runOnlyForDeploymentPostprocessing = 0;
			shellPath = /bin/sh;
			shellScript = "diff \"${PODS_ROOT}/../Podfile.lock\" \"${PODS_ROOT}/Manifest.lock\" > /dev/null\nif [ $? != 0 ] ; then\n    # print error to STDERR\n    echo \"error: The sandbox is not in sync with the Podfile.lock. Run 'pod install' or update your CocoaPods installation.\" >&2\n    exit 1\nfi\n";
			showEnvVarsInLog = 0;
		};
		1FAF3D7775EB53C913A98330 /* [CP] Copy Pods Resources */ = {
			isa = PBXShellScriptBuildPhase;
			buildActionMask = 2147483647;
			files = (
			);
			inputPaths = (
			);
			name = "[CP] Copy Pods Resources";
			outputPaths = (
			);
			runOnlyForDeploymentPostprocessing = 0;
			shellPath = /bin/sh;
			shellScript = "\"${SRCROOT}/Pods/Target Support Files/Pods-ZakonUITests/Pods-ZakonUITests-resources.sh\"\n";
			showEnvVarsInLog = 0;
		};
		34BC38D3B89EFB17A119AF9F /* [CP] Embed Pods Frameworks */ = {
			isa = PBXShellScriptBuildPhase;
			buildActionMask = 2147483647;
			files = (
			);
			inputPaths = (
			);
			name = "[CP] Embed Pods Frameworks";
			outputPaths = (
			);
			runOnlyForDeploymentPostprocessing = 0;
			shellPath = /bin/sh;
			shellScript = "\"${SRCROOT}/Pods/Target Support Files/Pods-ZakonTests/Pods-ZakonTests-frameworks.sh\"\n";
			showEnvVarsInLog = 0;
		};
		98FEDEA3FFEF5037CC3AA28E /* [CP] Embed Pods Frameworks */ = {
			isa = PBXShellScriptBuildPhase;
			buildActionMask = 2147483647;
			files = (
			);
			inputPaths = (
			);
			name = "[CP] Embed Pods Frameworks";
			outputPaths = (
			);
			runOnlyForDeploymentPostprocessing = 0;
			shellPath = /bin/sh;
			shellScript = "\"${SRCROOT}/Pods/Target Support Files/Pods-Zakon/Pods-Zakon-frameworks.sh\"\n";
			showEnvVarsInLog = 0;
		};
		A4EC1172E0072238709FF52F /* [CP] Check Pods Manifest.lock */ = {
			isa = PBXShellScriptBuildPhase;
			buildActionMask = 2147483647;
			files = (
			);
			inputPaths = (
			);
			name = "[CP] Check Pods Manifest.lock";
			outputPaths = (
			);
			runOnlyForDeploymentPostprocessing = 0;
			shellPath = /bin/sh;
			shellScript = "diff \"${PODS_ROOT}/../Podfile.lock\" \"${PODS_ROOT}/Manifest.lock\" > /dev/null\nif [ $? != 0 ] ; then\n    # print error to STDERR\n    echo \"error: The sandbox is not in sync with the Podfile.lock. Run 'pod install' or update your CocoaPods installation.\" >&2\n    exit 1\nfi\n";
			showEnvVarsInLog = 0;
		};
		A6F31F3E1BEFEF97B306B630 /* [CP] Check Pods Manifest.lock */ = {
			isa = PBXShellScriptBuildPhase;
			buildActionMask = 2147483647;
			files = (
			);
			inputPaths = (
			);
			name = "[CP] Check Pods Manifest.lock";
			outputPaths = (
			);
			runOnlyForDeploymentPostprocessing = 0;
			shellPath = /bin/sh;
			shellScript = "diff \"${PODS_ROOT}/../Podfile.lock\" \"${PODS_ROOT}/Manifest.lock\" > /dev/null\nif [ $? != 0 ] ; then\n    # print error to STDERR\n    echo \"error: The sandbox is not in sync with the Podfile.lock. Run 'pod install' or update your CocoaPods installation.\" >&2\n    exit 1\nfi\n";
			showEnvVarsInLog = 0;
		};
		AD5CC05F879F71A507DBB14F /* [CP] Copy Pods Resources */ = {
			isa = PBXShellScriptBuildPhase;
			buildActionMask = 2147483647;
			files = (
			);
			inputPaths = (
			);
			name = "[CP] Copy Pods Resources";
			outputPaths = (
			);
			runOnlyForDeploymentPostprocessing = 0;
			shellPath = /bin/sh;
			shellScript = "\"${SRCROOT}/Pods/Target Support Files/Pods-Zakon/Pods-Zakon-resources.sh\"\n";
			showEnvVarsInLog = 0;
		};
		D67BEB25F2DC64A8567FB334 /* [CP] Copy Pods Resources */ = {
			isa = PBXShellScriptBuildPhase;
			buildActionMask = 2147483647;
			files = (
			);
			inputPaths = (
			);
			name = "[CP] Copy Pods Resources";
			outputPaths = (
			);
			runOnlyForDeploymentPostprocessing = 0;
			shellPath = /bin/sh;
			shellScript = "\"${SRCROOT}/Pods/Target Support Files/Pods-ZakonTests/Pods-ZakonTests-resources.sh\"\n";
			showEnvVarsInLog = 0;
		};
		F6622402F0B257EB929F03B2 /* [CP] Embed Pods Frameworks */ = {
			isa = PBXShellScriptBuildPhase;
			buildActionMask = 2147483647;
			files = (
			);
			inputPaths = (
			);
			name = "[CP] Embed Pods Frameworks";
			outputPaths = (
			);
			runOnlyForDeploymentPostprocessing = 0;
			shellPath = /bin/sh;
			shellScript = "\"${SRCROOT}/Pods/Target Support Files/Pods-ZakonUITests/Pods-ZakonUITests-frameworks.sh\"\n";
			showEnvVarsInLog = 0;
		};
/* End PBXShellScriptBuildPhase section */

/* Begin PBXSourcesBuildPhase section */
		B8FEF9B31E0A481B00C94CD1 /* Sources */ = {
			isa = PBXSourcesBuildPhase;
			buildActionMask = 2147483647;
			files = (
				B8FEF9BD1E0A481B00C94CD1 /* ViewController.swift in Sources */,
				B8FEF9BB1E0A481B00C94CD1 /* AppDelegate.swift in Sources */,
				B8FEF9E91E0BDA3D00C94CD1 /* QuestionsViewController.swift in Sources */,
				CE9FBB431E1FE25A007CD867 /* VariantTableViewCell.swift in Sources */,
				CE59A08F1E14017800ADCFB0 /* Question.swift in Sources */,
				B8FEF9EB1E0BE39000C94CD1 /* ResultViewController.swift in Sources */,
				B8FEF9ED1E0EEE7C00C94CD1 /* AnswersViewController.swift in Sources */,
			);
			runOnlyForDeploymentPostprocessing = 0;
		};
		B8FEF9C71E0A481C00C94CD1 /* Sources */ = {
			isa = PBXSourcesBuildPhase;
			buildActionMask = 2147483647;
			files = (
				B8FEF9D01E0A481C00C94CD1 /* ZakonTests.swift in Sources */,
			);
			runOnlyForDeploymentPostprocessing = 0;
		};
		B8FEF9D21E0A481C00C94CD1 /* Sources */ = {
			isa = PBXSourcesBuildPhase;
			buildActionMask = 2147483647;
			files = (
				B8FEF9DB1E0A481C00C94CD1 /* ZakonUITests.swift in Sources */,
			);
			runOnlyForDeploymentPostprocessing = 0;
		};
/* End PBXSourcesBuildPhase section */

/* Begin PBXTargetDependency section */
		B8FEF9CD1E0A481C00C94CD1 /* PBXTargetDependency */ = {
			isa = PBXTargetDependency;
			target = B8FEF9B61E0A481B00C94CD1 /* Zakon */;
			targetProxy = B8FEF9CC1E0A481C00C94CD1 /* PBXContainerItemProxy */;
		};
		B8FEF9D81E0A481C00C94CD1 /* PBXTargetDependency */ = {
			isa = PBXTargetDependency;
			target = B8FEF9B61E0A481B00C94CD1 /* Zakon */;
			targetProxy = B8FEF9D71E0A481C00C94CD1 /* PBXContainerItemProxy */;
		};
/* End PBXTargetDependency section */

/* Begin PBXVariantGroup section */
		B8FEF9BE1E0A481B00C94CD1 /* Main.storyboard */ = {
			isa = PBXVariantGroup;
			children = (
				B8FEF9BF1E0A481B00C94CD1 /* Base */,
			);
			name = Main.storyboard;
			sourceTree = "<group>";
		};
		B8FEF9C31E0A481C00C94CD1 /* LaunchScreen.storyboard */ = {
			isa = PBXVariantGroup;
			children = (
				B8FEF9C41E0A481C00C94CD1 /* Base */,
			);
			name = LaunchScreen.storyboard;
			sourceTree = "<group>";
		};
/* End PBXVariantGroup section */

/* Begin XCBuildConfiguration section */
		B8FEF9DD1E0A481D00C94CD1 /* Debug */ = {
			isa = XCBuildConfiguration;
			buildSettings = {
				ALWAYS_SEARCH_USER_PATHS = NO;
				CLANG_ANALYZER_NONNULL = YES;
				CLANG_CXX_LANGUAGE_STANDARD = "gnu++0x";
				CLANG_CXX_LIBRARY = "libc++";
				CLANG_ENABLE_MODULES = YES;
				CLANG_ENABLE_OBJC_ARC = YES;
				CLANG_WARN_BOOL_CONVERSION = YES;
				CLANG_WARN_CONSTANT_CONVERSION = YES;
				CLANG_WARN_DIRECT_OBJC_ISA_USAGE = YES_ERROR;
				CLANG_WARN_DOCUMENTATION_COMMENTS = YES;
				CLANG_WARN_EMPTY_BODY = YES;
				CLANG_WARN_ENUM_CONVERSION = YES;
				CLANG_WARN_INFINITE_RECURSION = YES;
				CLANG_WARN_INT_CONVERSION = YES;
				CLANG_WARN_OBJC_ROOT_CLASS = YES_ERROR;
				CLANG_WARN_SUSPICIOUS_MOVES = YES;
				CLANG_WARN_UNREACHABLE_CODE = YES;
				CLANG_WARN__DUPLICATE_METHOD_MATCH = YES;
				"CODE_SIGN_IDENTITY[sdk=iphoneos*]" = "iPhone Developer";
				COPY_PHASE_STRIP = NO;
				DEBUG_INFORMATION_FORMAT = dwarf;
				ENABLE_STRICT_OBJC_MSGSEND = YES;
				ENABLE_TESTABILITY = YES;
				GCC_C_LANGUAGE_STANDARD = gnu99;
				GCC_DYNAMIC_NO_PIC = NO;
				GCC_NO_COMMON_BLOCKS = YES;
				GCC_OPTIMIZATION_LEVEL = 0;
				GCC_PREPROCESSOR_DEFINITIONS = (
					"DEBUG=1",
					"$(inherited)",
				);
				GCC_WARN_64_TO_32_BIT_CONVERSION = YES;
				GCC_WARN_ABOUT_RETURN_TYPE = YES_ERROR;
				GCC_WARN_UNDECLARED_SELECTOR = YES;
				GCC_WARN_UNINITIALIZED_AUTOS = YES_AGGRESSIVE;
				GCC_WARN_UNUSED_FUNCTION = YES;
				GCC_WARN_UNUSED_VARIABLE = YES;
				IPHONEOS_DEPLOYMENT_TARGET = 10.0;
				MTL_ENABLE_DEBUG_INFO = YES;
				ONLY_ACTIVE_ARCH = YES;
				SDKROOT = iphoneos;
				SWIFT_ACTIVE_COMPILATION_CONDITIONS = DEBUG;
				SWIFT_OPTIMIZATION_LEVEL = "-Onone";
			};
			name = Debug;
		};
		B8FEF9DE1E0A481D00C94CD1 /* Release */ = {
			isa = XCBuildConfiguration;
			buildSettings = {
				ALWAYS_SEARCH_USER_PATHS = NO;
				CLANG_ANALYZER_NONNULL = YES;
				CLANG_CXX_LANGUAGE_STANDARD = "gnu++0x";
				CLANG_CXX_LIBRARY = "libc++";
				CLANG_ENABLE_MODULES = YES;
				CLANG_ENABLE_OBJC_ARC = YES;
				CLANG_WARN_BOOL_CONVERSION = YES;
				CLANG_WARN_CONSTANT_CONVERSION = YES;
				CLANG_WARN_DIRECT_OBJC_ISA_USAGE = YES_ERROR;
				CLANG_WARN_DOCUMENTATION_COMMENTS = YES;
				CLANG_WARN_EMPTY_BODY = YES;
				CLANG_WARN_ENUM_CONVERSION = YES;
				CLANG_WARN_INFINITE_RECURSION = YES;
				CLANG_WARN_INT_CONVERSION = YES;
				CLANG_WARN_OBJC_ROOT_CLASS = YES_ERROR;
				CLANG_WARN_SUSPICIOUS_MOVES = YES;
				CLANG_WARN_UNREACHABLE_CODE = YES;
				CLANG_WARN__DUPLICATE_METHOD_MATCH = YES;
				"CODE_SIGN_IDENTITY[sdk=iphoneos*]" = "iPhone Developer";
				COPY_PHASE_STRIP = NO;
				DEBUG_INFORMATION_FORMAT = "dwarf-with-dsym";
				ENABLE_NS_ASSERTIONS = NO;
				ENABLE_STRICT_OBJC_MSGSEND = YES;
				GCC_C_LANGUAGE_STANDARD = gnu99;
				GCC_NO_COMMON_BLOCKS = YES;
				GCC_WARN_64_TO_32_BIT_CONVERSION = YES;
				GCC_WARN_ABOUT_RETURN_TYPE = YES_ERROR;
				GCC_WARN_UNDECLARED_SELECTOR = YES;
				GCC_WARN_UNINITIALIZED_AUTOS = YES_AGGRESSIVE;
				GCC_WARN_UNUSED_FUNCTION = YES;
				GCC_WARN_UNUSED_VARIABLE = YES;
				IPHONEOS_DEPLOYMENT_TARGET = 10.0;
				MTL_ENABLE_DEBUG_INFO = NO;
				SDKROOT = iphoneos;
				SWIFT_OPTIMIZATION_LEVEL = "-Owholemodule";
				VALIDATE_PRODUCT = YES;
			};
			name = Release;
		};
		B8FEF9E01E0A481D00C94CD1 /* Debug */ = {
			isa = XCBuildConfiguration;
			baseConfigurationReference = 0135EBCFB28571E7E938488F /* Pods-Zakon.debug.xcconfig */;
			buildSettings = {
				ASSETCATALOG_COMPILER_APPICON_NAME = AppIcon;
				INFOPLIST_FILE = Zakon/Info.plist;
				LD_RUNPATH_SEARCH_PATHS = "$(inherited) @executable_path/Frameworks";
				PRODUCT_BUNDLE_IDENTIFIER = AA.Zakon;
				PRODUCT_NAME = "$(TARGET_NAME)";
				SWIFT_VERSION = 3.0;
			};
			name = Debug;
		};
		B8FEF9E11E0A481D00C94CD1 /* Release */ = {
			isa = XCBuildConfiguration;
			baseConfigurationReference = F2225514D8D380AC050FA598 /* Pods-Zakon.release.xcconfig */;
			buildSettings = {
				ASSETCATALOG_COMPILER_APPICON_NAME = AppIcon;
				INFOPLIST_FILE = Zakon/Info.plist;
				LD_RUNPATH_SEARCH_PATHS = "$(inherited) @executable_path/Frameworks";
				PRODUCT_BUNDLE_IDENTIFIER = AA.Zakon;
				PRODUCT_NAME = "$(TARGET_NAME)";
				SWIFT_VERSION = 3.0;
			};
			name = Release;
		};
		B8FEF9E31E0A481D00C94CD1 /* Debug */ = {
			isa = XCBuildConfiguration;
			baseConfigurationReference = D852A2C170753D82DCD0EAC5 /* Pods-ZakonTests.debug.xcconfig */;
			buildSettings = {
				ALWAYS_EMBED_SWIFT_STANDARD_LIBRARIES = YES;
				BUNDLE_LOADER = "$(TEST_HOST)";
				INFOPLIST_FILE = ZakonTests/Info.plist;
				LD_RUNPATH_SEARCH_PATHS = "$(inherited) @executable_path/Frameworks @loader_path/Frameworks";
				PRODUCT_BUNDLE_IDENTIFIER = AA.ZakonTests;
				PRODUCT_NAME = "$(TARGET_NAME)";
				SWIFT_VERSION = 3.0;
				TEST_HOST = "$(BUILT_PRODUCTS_DIR)/Zakon.app/Zakon";
			};
			name = Debug;
		};
		B8FEF9E41E0A481D00C94CD1 /* Release */ = {
			isa = XCBuildConfiguration;
			baseConfigurationReference = D2AAEFCB40D5F3C0428D7086 /* Pods-ZakonTests.release.xcconfig */;
			buildSettings = {
				ALWAYS_EMBED_SWIFT_STANDARD_LIBRARIES = YES;
				BUNDLE_LOADER = "$(TEST_HOST)";
				INFOPLIST_FILE = ZakonTests/Info.plist;
				LD_RUNPATH_SEARCH_PATHS = "$(inherited) @executable_path/Frameworks @loader_path/Frameworks";
				PRODUCT_BUNDLE_IDENTIFIER = AA.ZakonTests;
				PRODUCT_NAME = "$(TARGET_NAME)";
				SWIFT_VERSION = 3.0;
				TEST_HOST = "$(BUILT_PRODUCTS_DIR)/Zakon.app/Zakon";
			};
			name = Release;
		};
		B8FEF9E61E0A481D00C94CD1 /* Debug */ = {
			isa = XCBuildConfiguration;
			baseConfigurationReference = 1FD1BD4AC1846948B540B617 /* Pods-ZakonUITests.debug.xcconfig */;
			buildSettings = {
				ALWAYS_EMBED_SWIFT_STANDARD_LIBRARIES = YES;
				INFOPLIST_FILE = ZakonUITests/Info.plist;
				LD_RUNPATH_SEARCH_PATHS = "$(inherited) @executable_path/Frameworks @loader_path/Frameworks";
				PRODUCT_BUNDLE_IDENTIFIER = AA.ZakonUITests;
				PRODUCT_NAME = "$(TARGET_NAME)";
				SWIFT_VERSION = 3.0;
				TEST_TARGET_NAME = Zakon;
			};
			name = Debug;
		};
		B8FEF9E71E0A481D00C94CD1 /* Release */ = {
			isa = XCBuildConfiguration;
			baseConfigurationReference = AAA48824E85F3E6AD74FFB56 /* Pods-ZakonUITests.release.xcconfig */;
			buildSettings = {
				ALWAYS_EMBED_SWIFT_STANDARD_LIBRARIES = YES;
				INFOPLIST_FILE = ZakonUITests/Info.plist;
				LD_RUNPATH_SEARCH_PATHS = "$(inherited) @executable_path/Frameworks @loader_path/Frameworks";
				PRODUCT_BUNDLE_IDENTIFIER = AA.ZakonUITests;
				PRODUCT_NAME = "$(TARGET_NAME)";
				SWIFT_VERSION = 3.0;
				TEST_TARGET_NAME = Zakon;
			};
			name = Release;
		};
/* End XCBuildConfiguration section */

/* Begin XCConfigurationList section */
		B8FEF9B21E0A481B00C94CD1 /* Build configuration list for PBXProject "Zakon" */ = {
			isa = XCConfigurationList;
			buildConfigurations = (
				B8FEF9DD1E0A481D00C94CD1 /* Debug */,
				B8FEF9DE1E0A481D00C94CD1 /* Release */,
			);
			defaultConfigurationIsVisible = 0;
			defaultConfigurationName = Release;
		};
		B8FEF9DF1E0A481D00C94CD1 /* Build configuration list for PBXNativeTarget "Zakon" */ = {
			isa = XCConfigurationList;
			buildConfigurations = (
				B8FEF9E01E0A481D00C94CD1 /* Debug */,
				B8FEF9E11E0A481D00C94CD1 /* Release */,
			);
			defaultConfigurationIsVisible = 0;
			defaultConfigurationName = Release;
		};
		B8FEF9E21E0A481D00C94CD1 /* Build configuration list for PBXNativeTarget "ZakonTests" */ = {
			isa = XCConfigurationList;
			buildConfigurations = (
				B8FEF9E31E0A481D00C94CD1 /* Debug */,
				B8FEF9E41E0A481D00C94CD1 /* Release */,
			);
			defaultConfigurationIsVisible = 0;
			defaultConfigurationName = Release;
		};
		B8FEF9E51E0A481D00C94CD1 /* Build configuration list for PBXNativeTarget "ZakonUITests" */ = {
			isa = XCConfigurationList;
			buildConfigurations = (
				B8FEF9E61E0A481D00C94CD1 /* Debug */,
				B8FEF9E71E0A481D00C94CD1 /* Release */,
			);
			defaultConfigurationIsVisible = 0;
			defaultConfigurationName = Release;
		};
/* End XCConfigurationList section */
	};
	rootObject = B8FEF9AF1E0A481B00C94CD1 /* Project object */;
}
